
Microsoft Visual Studio Solution File, Format Version 12.00
# Visual Studio Version 17
VisualStudioVersion = 17.2.32526.322
MinimumVisualStudioVersion = 10.0.40219.1
Project("{FAE04EC0-301F-11D3-BF4B-00C04F79EFBC}") = "klasa C", "klasa C\klasa C.csproj", "{D8C712F7-ABAE-4986-85BD-DF67078E60A4}"
EndProject
Global
	GlobalSection(SolutionConfigurationPlatforms) = preSolution
		Debug|Any CPU = Debug|Any CPU
		Release|Any CPU = Release|Any CPU
	EndGlobalSection
	GlobalSection(ProjectConfigurationPlatforms) = postSolution
		{D8C712F7-ABAE-4986-85BD-DF67078E60A4}.Debug|Any CPU.ActiveCfg = Debug|Any CPU
		{D8C712F7-ABAE-4986-85BD-DF67078E60A4}.Debug|Any CPU.Build.0 = Debug|Any CPU
		{D8C712F7-ABAE-4986-85BD-DF67078E60A4}.Release|Any CPU.ActiveCfg = Release|Any CPU
		{D8C712F7-ABAE-4986-85BD-DF67078E60A4}.Release|Any CPU.Build.0 = Release|Any CPU
	EndGlobalSection
	GlobalSection(SolutionProperties) = preSolution
		HideSolutionNode = FALSE
	EndGlobalSection
	GlobalSection(ExtensibilityGlobals) = postSolution
		SolutionGuid = {0D45A0A4-7539-4581-804A-1FCCD7E1F9CD}
	EndGlobalSection
EndGlobal
